
Microsoft Visual Studio Solution File, Format Version 12.00
# Visual Studio for Mac
Project("{FAE04EC0-301F-11D3-BF4B-00C04F79EFBC}") = "Demo3 LanternFestival 2D", "Demo3 LanternFestival 2D.csproj", "{6F31FECC-8B93-F7F0-294C-C0B4114DCAB3}"
EndProject
Global
	GlobalSection(SolutionConfigurationPlatforms) = preSolution
		Debug|Any CPU = Debug|Any CPU
		Release|Any CPU = Release|Any CPU
	EndGlobalSection
	GlobalSection(ProjectConfigurationPlatforms) = postSolution
		{6F31FECC-8B93-F7F0-294C-C0B4114DCAB3}.Debug|Any CPU.ActiveCfg = Debug|Any CPU
		{6F31FECC-8B93-F7F0-294C-C0B4114DCAB3}.Debug|Any CPU.Build.0 = Debug|Any CPU
		{6F31FECC-8B93-F7F0-294C-C0B4114DCAB3}.Release|Any CPU.ActiveCfg = Release|Any CPU
		{6F31FECC-8B93-F7F0-294C-C0B4114DCAB3}.Release|Any CPU.Build.0 = Release|Any CPU
	EndGlobalSection
	GlobalSection(SolutionProperties) = preSolution
		HideSolutionNode = FALSE
	EndGlobalSection
EndGlobal
